
Microsoft Visual Studio Solution File, Format Version 12.00
# Visual Studio 2013
VisualStudioVersion = 12.0.40629.0
MinimumVisualStudioVersion = 10.0.40219.1
Project("{F184B08F-C81C-45F6-A57F-5ABD9991F28F}") = "Stylish Timer", "Stylish Timer.vbproj", "{2C40EE8F-2DDC-49BC-8DE3-AA89A8290DAB}"
EndProject
Global
	GlobalSection(SolutionConfigurationPlatforms) = preSolution
		Debug|Any CPU = Debug|Any CPU
		Release|Any CPU = Release|Any CPU
	EndGlobalSection
	GlobalSection(ProjectConfigurationPlatforms) = postSolution
		{2C40EE8F-2DDC-49BC-8DE3-AA89A8290DAB}.Debug|Any CPU.ActiveCfg = Debug|Any CPU
		{2C40EE8F-2DDC-49BC-8DE3-AA89A8290DAB}.Debug|Any CPU.Build.0 = Debug|Any CPU
		{2C40EE8F-2DDC-49BC-8DE3-AA89A8290DAB}.Release|Any CPU.ActiveCfg = Release|Any CPU
		{2C40EE8F-2DDC-49BC-8DE3-AA89A8290DAB}.Release|Any CPU.Build.0 = Release|Any CPU
	EndGlobalSection
	GlobalSection(SolutionProperties) = preSolution
		HideSolutionNode = FALSE
	EndGlobalSection
EndGlobal
